
Microsoft Visual Studio Solution File, Format Version 12.00
# Visual Studio Version 16
VisualStudioVersion = 16.0.29509.3
MinimumVisualStudioVersion = 10.0.40219.1
Project("{FAE04EC0-301F-11D3-BF4B-00C04F79EFBC}") = "NServiceBusNavigator", "NServiceBusNavigator\NServiceBusNavigator.csproj", "{916C2C6F-271B-465F-AF07-DA74260C5416}"
EndProject
Project("{2150E333-8FDC-42A3-9474-1A3956D46DE8}") = "RepoFiles", "RepoFiles", "{EC541E63-8587-4035-829D-466616FCDCC3}"
	ProjectSection(SolutionItems) = preProject
		..\.gitignore = ..\.gitignore
		..\README.md = ..\README.md
	EndProjectSection
EndProject
Global
	GlobalSection(SolutionConfigurationPlatforms) = preSolution
		Debug|Any CPU = Debug|Any CPU
		Release|Any CPU = Release|Any CPU
	EndGlobalSection
	GlobalSection(ProjectConfigurationPlatforms) = postSolution
		{916C2C6F-271B-465F-AF07-DA74260C5416}.Debug|Any CPU.ActiveCfg = Debug|Any CPU
		{916C2C6F-271B-465F-AF07-DA74260C5416}.Debug|Any CPU.Build.0 = Debug|Any CPU
		{916C2C6F-271B-465F-AF07-DA74260C5416}.Release|Any CPU.ActiveCfg = Release|Any CPU
		{916C2C6F-271B-465F-AF07-DA74260C5416}.Release|Any CPU.Build.0 = Release|Any CPU
	EndGlobalSection
	GlobalSection(SolutionProperties) = preSolution
		HideSolutionNode = FALSE
	EndGlobalSection
	GlobalSection(ExtensibilityGlobals) = postSolution
		SolutionGuid = {06CEA4E5-C245-4AAF-8943-698BD9E9FF63}
	EndGlobalSection
EndGlobal
